
Microsoft Visual Studio Solution File, Format Version 12.00
# Visual Studio Version 16
VisualStudioVersion = 16.0.31515.178
MinimumVisualStudioVersion = 10.0.40219.1
Project("{9A19103F-16F7-4668-BE54-9A1E7A4F7556}") = "Stack", "Stack\Stack.csproj", "{25225100-8ADD-4BFD-803A-665C7767D43A}"
EndProject
Project("{9A19103F-16F7-4668-BE54-9A1E7A4F7556}") = "Queues", "Queues\Queues.csproj", "{D62C2DC0-6399-4F1D-B8F5-6E59B062BC62}"
EndProject
Project("{9A19103F-16F7-4668-BE54-9A1E7A4F7556}") = "DeQueue", "DeQueue\DeQueue.csproj", "{745BC590-5A5E-44A0-830C-848FE413590C}"
EndProject
Project("{9A19103F-16F7-4668-BE54-9A1E7A4F7556}") = "LinearSearch", "LinearSearch\LinearSearch.csproj", "{E3B67BF8-223F-4450-A023-8FBEF6A521A2}"
EndProject
Project("{9A19103F-16F7-4668-BE54-9A1E7A4F7556}") = "BinarySearch", "BinarySearch\BinarySearch.csproj", "{EDD2F9A6-C038-496B-84AF-AF523ED93C87}"
EndProject
Project("{9A19103F-16F7-4668-BE54-9A1E7A4F7556}") = "Sorting", "Sorting\Sorting.csproj", "{C044C665-B70C-4083-B4D5-4DDC8E2D64A3}"
EndProject
Project("{9A19103F-16F7-4668-BE54-9A1E7A4F7556}") = "LinkedList", "LinkedList\LinkedList.csproj", "{5E710430-05A8-45F5-802B-B6B89A831E26}"
EndProject
Project("{9A19103F-16F7-4668-BE54-9A1E7A4F7556}") = "ArmStrong", "ArmStrong\ArmStrong.csproj", "{A94281EF-B681-44D8-9497-BA639D2F06BB}"
EndProject
Project("{9A19103F-16F7-4668-BE54-9A1E7A4F7556}") = "LinkedStack", "LinkedStack\LinkedStack.csproj", "{B77D3D31-A02B-41D1-AF49-8BEF33066711}"
EndProject
Project("{9A19103F-16F7-4668-BE54-9A1E7A4F7556}") = "LinkedQueue", "LinkedQueue\LinkedQueue.csproj", "{5595CB04-4366-4D12-A9B4-E514A60F4E41}"
EndProject
Project("{9A19103F-16F7-4668-BE54-9A1E7A4F7556}") = "CircularLinkedList", "CircularLinkedList\CircularLinkedList.csproj", "{3CEBD4EB-B7D8-44BE-B6EB-45655FDB7DC6}"
EndProject
Project("{9A19103F-16F7-4668-BE54-9A1E7A4F7556}") = "PolishNotation", "PolishNotation\PolishNotation.csproj", "{C1573A17-60F2-4B00-9CA2-2D54C6980806}"
EndProject
Project("{FAE04EC0-301F-11D3-BF4B-00C04F79EFBC}") = "Algorithms", "Algorithms\Algorithms.csproj", "{2C729219-E795-4F3D-9568-BB9B8FB8980A}"
EndProject
Global
	GlobalSection(SolutionConfigurationPlatforms) = preSolution
		Debug|Any CPU = Debug|Any CPU
		Release|Any CPU = Release|Any CPU
	EndGlobalSection
	GlobalSection(ProjectConfigurationPlatforms) = postSolution
		{25225100-8ADD-4BFD-803A-665C7767D43A}.Debug|Any CPU.ActiveCfg = Debug|Any CPU
		{25225100-8ADD-4BFD-803A-665C7767D43A}.Debug|Any CPU.Build.0 = Debug|Any CPU
		{25225100-8ADD-4BFD-803A-665C7767D43A}.Release|Any CPU.ActiveCfg = Release|Any CPU
		{25225100-8ADD-4BFD-803A-665C7767D43A}.Release|Any CPU.Build.0 = Release|Any CPU
		{D62C2DC0-6399-4F1D-B8F5-6E59B062BC62}.Debug|Any CPU.ActiveCfg = Debug|Any CPU
		{D62C2DC0-6399-4F1D-B8F5-6E59B062BC62}.Debug|Any CPU.Build.0 = Debug|Any CPU
		{D62C2DC0-6399-4F1D-B8F5-6E59B062BC62}.Release|Any CPU.ActiveCfg = Release|Any CPU
		{D62C2DC0-6399-4F1D-B8F5-6E59B062BC62}.Release|Any CPU.Build.0 = Release|Any CPU
		{745BC590-5A5E-44A0-830C-848FE413590C}.Debug|Any CPU.ActiveCfg = Debug|Any CPU
		{745BC590-5A5E-44A0-830C-848FE413590C}.Debug|Any CPU.Build.0 = Debug|Any CPU
		{745BC590-5A5E-44A0-830C-848FE413590C}.Release|Any CPU.ActiveCfg = Release|Any CPU
		{745BC590-5A5E-44A0-830C-848FE413590C}.Release|Any CPU.Build.0 = Release|Any CPU
		{E3B67BF8-223F-4450-A023-8FBEF6A521A2}.Debug|Any CPU.ActiveCfg = Debug|Any CPU
		{E3B67BF8-223F-4450-A023-8FBEF6A521A2}.Debug|Any CPU.Build.0 = Debug|Any CPU
		{E3B67BF8-223F-4450-A023-8FBEF6A521A2}.Release|Any CPU.ActiveCfg = Release|Any CPU
		{E3B67BF8-223F-4450-A023-8FBEF6A521A2}.Release|Any CPU.Build.0 = Release|Any CPU
		{EDD2F9A6-C038-496B-84AF-AF523ED93C87}.Debug|Any CPU.ActiveCfg = Debug|Any CPU
		{EDD2F9A6-C038-496B-84AF-AF523ED93C87}.Debug|Any CPU.Build.0 = Debug|Any CPU
		{EDD2F9A6-C038-496B-84AF-AF523ED93C87}.Release|Any CPU.ActiveCfg = Release|Any CPU
		{EDD2F9A6-C038-496B-84AF-AF523ED93C87}.Release|Any CPU.Build.0 = Release|Any CPU
		{C044C665-B70C-4083-B4D5-4DDC8E2D64A3}.Debug|Any CPU.ActiveCfg = Debug|Any CPU
		{C044C665-B70C-4083-B4D5-4DDC8E2D64A3}.Debug|Any CPU.Build.0 = Debug|Any CPU
		{C044C665-B70C-4083-B4D5-4DDC8E2D64A3}.Release|Any CPU.ActiveCfg = Release|Any CPU
		{C044C665-B70C-4083-B4D5-4DDC8E2D64A3}.Release|Any CPU.Build.0 = Release|Any CPU
		{5E710430-05A8-45F5-802B-B6B89A831E26}.Debug|Any CPU.ActiveCfg = Debug|Any CPU
		{5E710430-05A8-45F5-802B-B6B89A831E26}.Debug|Any CPU.Build.0 = Debug|Any CPU
		{5E710430-05A8-45F5-802B-B6B89A831E26}.Release|Any CPU.ActiveCfg = Release|Any CPU
		{5E710430-05A8-45F5-802B-B6B89A831E26}.Release|Any CPU.Build.0 = Release|Any CPU
		{A94281EF-B681-44D8-9497-BA639D2F06BB}.Debug|Any CPU.ActiveCfg = Debug|Any CPU
		{A94281EF-B681-44D8-9497-BA639D2F06BB}.Debug|Any CPU.Build.0 = Debug|Any CPU
		{A94281EF-B681-44D8-9497-BA639D2F06BB}.Release|Any CPU.ActiveCfg = Release|Any CPU
		{A94281EF-B681-44D8-9497-BA639D2F06BB}.Release|Any CPU.Build.0 = Release|Any CPU
		{B77D3D31-A02B-41D1-AF49-8BEF33066711}.Debug|Any CPU.ActiveCfg = Debug|Any CPU
		{B77D3D31-A02B-41D1-AF49-8BEF33066711}.Debug|Any CPU.Build.0 = Debug|Any CPU
		{B77D3D31-A02B-41D1-AF49-8BEF33066711}.Release|Any CPU.ActiveCfg = Release|Any CPU
		{B77D3D31-A02B-41D1-AF49-8BEF33066711}.Release|Any CPU.Build.0 = Release|Any CPU
		{5595CB04-4366-4D12-A9B4-E514A60F4E41}.Debug|Any CPU.ActiveCfg = Debug|Any CPU
		{5595CB04-4366-4D12-A9B4-E514A60F4E41}.Debug|Any CPU.Build.0 = Debug|Any CPU
		{5595CB04-4366-4D12-A9B4-E514A60F4E41}.Release|Any CPU.ActiveCfg = Release|Any CPU
		{5595CB04-4366-4D12-A9B4-E514A60F4E41}.Release|Any CPU.Build.0 = Release|Any CPU
		{3CEBD4EB-B7D8-44BE-B6EB-45655FDB7DC6}.Debug|Any CPU.ActiveCfg = Debug|Any CPU
		{3CEBD4EB-B7D8-44BE-B6EB-45655FDB7DC6}.Debug|Any CPU.Build.0 = Debug|Any CPU
		{3CEBD4EB-B7D8-44BE-B6EB-45655FDB7DC6}.Release|Any CPU.ActiveCfg = Release|Any CPU
		{3CEBD4EB-B7D8-44BE-B6EB-45655FDB7DC6}.Release|Any CPU.Build.0 = Release|Any CPU
		{C1573A17-60F2-4B00-9CA2-2D54C6980806}.Debug|Any CPU.ActiveCfg = Debug|Any CPU
		{C1573A17-60F2-4B00-9CA2-2D54C6980806}.Debug|Any CPU.Build.0 = Debug|Any CPU
		{C1573A17-60F2-4B00-9CA2-2D54C6980806}.Release|Any CPU.ActiveCfg = Release|Any CPU
		{C1573A17-60F2-4B00-9CA2-2D54C6980806}.Release|Any CPU.Build.0 = Release|Any CPU
		{2C729219-E795-4F3D-9568-BB9B8FB8980A}.Debug|Any CPU.ActiveCfg = Debug|Any CPU
		{2C729219-E795-4F3D-9568-BB9B8FB8980A}.Debug|Any CPU.Build.0 = Debug|Any CPU
		{2C729219-E795-4F3D-9568-BB9B8FB8980A}.Release|Any CPU.ActiveCfg = Release|Any CPU
		{2C729219-E795-4F3D-9568-BB9B8FB8980A}.Release|Any CPU.Build.0 = Release|Any CPU
	EndGlobalSection
	GlobalSection(SolutionProperties) = preSolution
		HideSolutionNode = FALSE
	EndGlobalSection
	GlobalSection(ExtensibilityGlobals) = postSolution
		SolutionGuid = {15DDD9E3-BAFF-4CA6-9771-D1A2840F962A}
	EndGlobalSection
EndGlobal
